
Microsoft Visual Studio Solution File, Format Version 12.00
# Visual Studio Version 17
VisualStudioVersion = 17.11.35017.193
MinimumVisualStudioVersion = 10.0.40219.1
Project("{FAE04EC0-301F-11D3-BF4B-00C04F79EFBC}") = "v-wallet-api", "v-wallet-api\v-wallet-api.csproj", "{75C76956-0C9A-46DB-8A90-B64AC4971370}"
EndProject
Global
	GlobalSection(SolutionConfigurationPlatforms) = preSolution
		Debug|Any CPU = Debug|Any CPU
		Release|Any CPU = Release|Any CPU
	EndGlobalSection
	GlobalSection(ProjectConfigurationPlatforms) = postSolution
		{75C76956-0C9A-46DB-8A90-B64AC4971370}.Debug|Any CPU.ActiveCfg = Debug|Any CPU
		{75C76956-0C9A-46DB-8A90-B64AC4971370}.Debug|Any CPU.Build.0 = Debug|Any CPU
		{75C76956-0C9A-46DB-8A90-B64AC4971370}.Release|Any CPU.ActiveCfg = Release|Any CPU
		{75C76956-0C9A-46DB-8A90-B64AC4971370}.Release|Any CPU.Build.0 = Release|Any CPU
	EndGlobalSection
	GlobalSection(SolutionProperties) = preSolution
		HideSolutionNode = FALSE
	EndGlobalSection
	GlobalSection(ExtensibilityGlobals) = postSolution
		SolutionGuid = {352964F7-90EB-4FFD-B857-01BE0E1E3893}
	EndGlobalSection
EndGlobal
